
Microsoft Visual Studio Solution File, Format Version 12.00
# Visual Studio Version 17
VisualStudioVersion = 17.4.33213.308
MinimumVisualStudioVersion = 10.0.40219.1
Project("{2150E333-8FDC-42A3-9474-1A3956D46DE8}") = "apps", "apps", "{5AD7183C-0272-4728-A314-35EFE019975D}"
EndProject
Project("{FAE04EC0-301F-11D3-BF4B-00C04F79EFBC}") = "rNascar23.RaceLogger", "apps\rNascar23.RaceLogger\rNascar23.RaceLogger.csproj", "{0041F37D-43EE-4AEA-A01D-CCFB0E73400F}"
EndProject
Project("{2150E333-8FDC-42A3-9474-1A3956D46DE8}") = "libraries", "libraries", "{4DA0CE91-7F27-4B7E-B5CA-E4CDC6636FB7}"
EndProject
Project("{2150E333-8FDC-42A3-9474-1A3956D46DE8}") = "Solution Items", "Solution Items", "{0431ACB3-8C9A-4D7C-805B-7481B24CA772}"
	ProjectSection(SolutionItems) = preProject
		GlobalAssemblyInfo.cs = GlobalAssemblyInfo.cs
	EndProjectSection
EndProject
Project("{FAE04EC0-301F-11D3-BF4B-00C04F79EFBC}") = "rNascar23.Patcher", "apps\rNascar23.Patcher\rNascar23.Patcher.csproj", "{E9EFB7F8-0D55-4EA1-98D0-66E563C07FF1}"
EndProject
Project("{FAE04EC0-301F-11D3-BF4B-00C04F79EFBC}") = "rNascar23.PatchBuilder", "apps\rNascar23.PatchBuilder\rNascar23.PatchBuilder.csproj", "{F7F5C6E8-43C1-4AC4-827E-42B259AFDF52}"
EndProject
Project("{2150E333-8FDC-42A3-9474-1A3956D46DE8}") = "Patches", "Patches", "{C2658F23-C785-418F-8638-09EA069DDD87}"
EndProject
Project("{9A19103F-16F7-4668-BE54-9A1E7A4F7556}") = "rNascar23.Patches", "libraries\Patches\rNascar23.Patches\rNascar23.Patches.csproj", "{BE7D35AA-1702-492E-944F-D78FFD5E7801}"
EndProject
Project("{FAE04EC0-301F-11D3-BF4B-00C04F79EFBC}") = "rNascar23", "apps\rNascar23\rNascar23.csproj", "{D0A433D9-67CC-4047-B837-B90318ACF599}"
EndProject
Project("{FAE04EC0-301F-11D3-BF4B-00C04F79EFBC}") = "rNascar23.Launcher", "apps\rNascar23.Launcher\rNascar23.Launcher.csproj", "{E2D69A0F-08D2-4BC2-9DE1-541AACB65AEC}"
EndProject
Project("{2150E333-8FDC-42A3-9474-1A3956D46DE8}") = "UserSettings", "UserSettings", "{B06BD914-8159-489E-9D3E-23DD4087E7EF}"
EndProject
Project("{9A19103F-16F7-4668-BE54-9A1E7A4F7556}") = "rNascar23.Settings", "libraries\UserSettings\rNascar23.Settings\rNascar23.Settings.csproj", "{112C7B16-3B21-4B14-B6C3-3F89AA8D80CA}"
EndProject
Project("{2150E333-8FDC-42A3-9474-1A3956D46DE8}") = "Sdk", "Sdk", "{72B3739C-A278-411E-94AD-4FACA4FE6223}"
EndProject
Global
	GlobalSection(SolutionConfigurationPlatforms) = preSolution
		Debug|Any CPU = Debug|Any CPU
		Debug|x86 = Debug|x86
		Release|Any CPU = Release|Any CPU
		Release|x86 = Release|x86
	EndGlobalSection
	GlobalSection(ProjectConfigurationPlatforms) = postSolution
		{0041F37D-43EE-4AEA-A01D-CCFB0E73400F}.Debug|Any CPU.ActiveCfg = Debug|Any CPU
		{0041F37D-43EE-4AEA-A01D-CCFB0E73400F}.Debug|Any CPU.Build.0 = Debug|Any CPU
		{0041F37D-43EE-4AEA-A01D-CCFB0E73400F}.Debug|x86.ActiveCfg = Debug|Any CPU
		{0041F37D-43EE-4AEA-A01D-CCFB0E73400F}.Debug|x86.Build.0 = Debug|Any CPU
		{0041F37D-43EE-4AEA-A01D-CCFB0E73400F}.Release|Any CPU.ActiveCfg = Release|Any CPU
		{0041F37D-43EE-4AEA-A01D-CCFB0E73400F}.Release|Any CPU.Build.0 = Release|Any CPU
		{0041F37D-43EE-4AEA-A01D-CCFB0E73400F}.Release|x86.ActiveCfg = Release|Any CPU
		{0041F37D-43EE-4AEA-A01D-CCFB0E73400F}.Release|x86.Build.0 = Release|Any CPU
		{E9EFB7F8-0D55-4EA1-98D0-66E563C07FF1}.Debug|Any CPU.ActiveCfg = Debug|Any CPU
		{E9EFB7F8-0D55-4EA1-98D0-66E563C07FF1}.Debug|Any CPU.Build.0 = Debug|Any CPU
		{E9EFB7F8-0D55-4EA1-98D0-66E563C07FF1}.Debug|x86.ActiveCfg = Debug|Any CPU
		{E9EFB7F8-0D55-4EA1-98D0-66E563C07FF1}.Debug|x86.Build.0 = Debug|Any CPU
		{E9EFB7F8-0D55-4EA1-98D0-66E563C07FF1}.Release|Any CPU.ActiveCfg = Release|Any CPU
		{E9EFB7F8-0D55-4EA1-98D0-66E563C07FF1}.Release|Any CPU.Build.0 = Release|Any CPU
		{E9EFB7F8-0D55-4EA1-98D0-66E563C07FF1}.Release|x86.ActiveCfg = Release|Any CPU
		{E9EFB7F8-0D55-4EA1-98D0-66E563C07FF1}.Release|x86.Build.0 = Release|Any CPU
		{F7F5C6E8-43C1-4AC4-827E-42B259AFDF52}.Debug|Any CPU.ActiveCfg = Debug|Any CPU
		{F7F5C6E8-43C1-4AC4-827E-42B259AFDF52}.Debug|Any CPU.Build.0 = Debug|Any CPU
		{F7F5C6E8-43C1-4AC4-827E-42B259AFDF52}.Debug|x86.ActiveCfg = Debug|Any CPU
		{F7F5C6E8-43C1-4AC4-827E-42B259AFDF52}.Debug|x86.Build.0 = Debug|Any CPU
		{F7F5C6E8-43C1-4AC4-827E-42B259AFDF52}.Release|Any CPU.ActiveCfg = Release|Any CPU
		{F7F5C6E8-43C1-4AC4-827E-42B259AFDF52}.Release|Any CPU.Build.0 = Release|Any CPU
		{F7F5C6E8-43C1-4AC4-827E-42B259AFDF52}.Release|x86.ActiveCfg = Release|Any CPU
		{F7F5C6E8-43C1-4AC4-827E-42B259AFDF52}.Release|x86.Build.0 = Release|Any CPU
		{BE7D35AA-1702-492E-944F-D78FFD5E7801}.Debug|Any CPU.ActiveCfg = Debug|Any CPU
		{BE7D35AA-1702-492E-944F-D78FFD5E7801}.Debug|Any CPU.Build.0 = Debug|Any CPU
		{BE7D35AA-1702-492E-944F-D78FFD5E7801}.Debug|x86.ActiveCfg = Debug|Any CPU
		{BE7D35AA-1702-492E-944F-D78FFD5E7801}.Debug|x86.Build.0 = Debug|Any CPU
		{BE7D35AA-1702-492E-944F-D78FFD5E7801}.Release|Any CPU.ActiveCfg = Release|Any CPU
		{BE7D35AA-1702-492E-944F-D78FFD5E7801}.Release|Any CPU.Build.0 = Release|Any CPU
		{BE7D35AA-1702-492E-944F-D78FFD5E7801}.Release|x86.ActiveCfg = Release|Any CPU
		{BE7D35AA-1702-492E-944F-D78FFD5E7801}.Release|x86.Build.0 = Release|Any CPU
		{D0A433D9-67CC-4047-B837-B90318ACF599}.Debug|Any CPU.ActiveCfg = Debug|Any CPU
		{D0A433D9-67CC-4047-B837-B90318ACF599}.Debug|Any CPU.Build.0 = Debug|Any CPU
		{D0A433D9-67CC-4047-B837-B90318ACF599}.Debug|x86.ActiveCfg = Debug|Win32
		{D0A433D9-67CC-4047-B837-B90318ACF599}.Debug|x86.Build.0 = Debug|Win32
		{D0A433D9-67CC-4047-B837-B90318ACF599}.Release|Any CPU.ActiveCfg = Release|Any CPU
		{D0A433D9-67CC-4047-B837-B90318ACF599}.Release|Any CPU.Build.0 = Release|Any CPU
		{D0A433D9-67CC-4047-B837-B90318ACF599}.Release|x86.ActiveCfg = Release|Win32
		{D0A433D9-67CC-4047-B837-B90318ACF599}.Release|x86.Build.0 = Release|Win32
		{E2D69A0F-08D2-4BC2-9DE1-541AACB65AEC}.Debug|Any CPU.ActiveCfg = Debug|Any CPU
		{E2D69A0F-08D2-4BC2-9DE1-541AACB65AEC}.Debug|Any CPU.Build.0 = Debug|Any CPU
		{E2D69A0F-08D2-4BC2-9DE1-541AACB65AEC}.Debug|x86.ActiveCfg = Debug|Any CPU
		{E2D69A0F-08D2-4BC2-9DE1-541AACB65AEC}.Debug|x86.Build.0 = Debug|Any CPU
		{E2D69A0F-08D2-4BC2-9DE1-541AACB65AEC}.Release|Any CPU.ActiveCfg = Release|Any CPU
		{E2D69A0F-08D2-4BC2-9DE1-541AACB65AEC}.Release|Any CPU.Build.0 = Release|Any CPU
		{E2D69A0F-08D2-4BC2-9DE1-541AACB65AEC}.Release|x86.ActiveCfg = Release|Any CPU
		{E2D69A0F-08D2-4BC2-9DE1-541AACB65AEC}.Release|x86.Build.0 = Release|Any CPU
		{112C7B16-3B21-4B14-B6C3-3F89AA8D80CA}.Debug|Any CPU.ActiveCfg = Debug|Any CPU
		{112C7B16-3B21-4B14-B6C3-3F89AA8D80CA}.Debug|Any CPU.Build.0 = Debug|Any CPU
		{112C7B16-3B21-4B14-B6C3-3F89AA8D80CA}.Debug|x86.ActiveCfg = Debug|Any CPU
		{112C7B16-3B21-4B14-B6C3-3F89AA8D80CA}.Debug|x86.Build.0 = Debug|Any CPU
		{112C7B16-3B21-4B14-B6C3-3F89AA8D80CA}.Release|Any CPU.ActiveCfg = Release|Any CPU
		{112C7B16-3B21-4B14-B6C3-3F89AA8D80CA}.Release|Any CPU.Build.0 = Release|Any CPU
		{112C7B16-3B21-4B14-B6C3-3F89AA8D80CA}.Release|x86.ActiveCfg = Release|Any CPU
		{112C7B16-3B21-4B14-B6C3-3F89AA8D80CA}.Release|x86.Build.0 = Release|Any CPU
	EndGlobalSection
	GlobalSection(SolutionProperties) = preSolution
		HideSolutionNode = FALSE
	EndGlobalSection
	GlobalSection(NestedProjects) = preSolution
		{0041F37D-43EE-4AEA-A01D-CCFB0E73400F} = {5AD7183C-0272-4728-A314-35EFE019975D}
		{E9EFB7F8-0D55-4EA1-98D0-66E563C07FF1} = {5AD7183C-0272-4728-A314-35EFE019975D}
		{F7F5C6E8-43C1-4AC4-827E-42B259AFDF52} = {5AD7183C-0272-4728-A314-35EFE019975D}
		{C2658F23-C785-418F-8638-09EA069DDD87} = {4DA0CE91-7F27-4B7E-B5CA-E4CDC6636FB7}
		{BE7D35AA-1702-492E-944F-D78FFD5E7801} = {C2658F23-C785-418F-8638-09EA069DDD87}
		{D0A433D9-67CC-4047-B837-B90318ACF599} = {5AD7183C-0272-4728-A314-35EFE019975D}
		{E2D69A0F-08D2-4BC2-9DE1-541AACB65AEC} = {5AD7183C-0272-4728-A314-35EFE019975D}
		{B06BD914-8159-489E-9D3E-23DD4087E7EF} = {4DA0CE91-7F27-4B7E-B5CA-E4CDC6636FB7}
		{112C7B16-3B21-4B14-B6C3-3F89AA8D80CA} = {B06BD914-8159-489E-9D3E-23DD4087E7EF}
		{72B3739C-A278-411E-94AD-4FACA4FE6223} = {4DA0CE91-7F27-4B7E-B5CA-E4CDC6636FB7}
	EndGlobalSection
	GlobalSection(ExtensibilityGlobals) = postSolution
		SolutionGuid = {59148673-1722-424A-8A9E-80655C2537C3}
	EndGlobalSection
EndGlobal
