
Microsoft Visual Studio Solution File, Format Version 12.00
# Visual Studio Version 17
VisualStudioVersion = 17.4.33213.308
MinimumVisualStudioVersion = 10.0.40219.1
Project("{9A19103F-16F7-4668-BE54-9A1E7A4F7556}") = "rNascar23.LiveFeeds", "libraries\LiveFeed\rNascar23.LiveFeed\rNascar23.LiveFeeds.csproj", "{0C0644D8-AA4E-48B0-9F7B-DB7845978C4A}"
EndProject
Project("{9A19103F-16F7-4668-BE54-9A1E7A4F7556}") = "rNascar23.Service.LiveFeeds", "libraries\LiveFeed\rNascar23.Service.LiveFeeds\rNascar23.Service.LiveFeeds.csproj", "{7FC5D433-FCF5-46A8-A0AB-1637FA6D851C}"
EndProject
Project("{2150E333-8FDC-42A3-9474-1A3956D46DE8}") = "LiveFeeds", "LiveFeeds", "{7F4E23BC-6BB1-4EB7-A421-B2C7636F475F}"
EndProject
Project("{2150E333-8FDC-42A3-9474-1A3956D46DE8}") = "Schedules", "Schedules", "{D235F38F-8C3C-42D1-8A93-7CAA21FD5255}"
EndProject
Project("{2150E333-8FDC-42A3-9474-1A3956D46DE8}") = "Data", "Data", "{AFCB8FBA-CF38-4E5E-A03F-7BF74DAB497C}"
EndProject
Project("{9A19103F-16F7-4668-BE54-9A1E7A4F7556}") = "rNascar23.Data", "libraries\Data\rNascar23.Data\rNascar23.Data.csproj", "{CFE5FEFA-A0C0-462A-85BE-F9FCBB9B0F96}"
EndProject
Project("{FAE04EC0-301F-11D3-BF4B-00C04F79EFBC}") = "rNascar23", "apps\rNascar23TestApp\rNascar23.csproj", "{D0A433D9-67CC-4047-B837-B90318ACF599}"
EndProject
Project("{2150E333-8FDC-42A3-9474-1A3956D46DE8}") = "Flags", "Flags", "{9B2377A4-48D8-4A2C-B613-0AC249BBB418}"
EndProject
Project("{9A19103F-16F7-4668-BE54-9A1E7A4F7556}") = "rNascar23.LapTimes", "libraries\LapTimes\rNascar23.LapTimes\rNascar23.LapTimes.csproj", "{4796329F-B11C-4D1D-89FA-F6BA3C1375FE}"
EndProject
Project("{9A19103F-16F7-4668-BE54-9A1E7A4F7556}") = "rNascar23.Flags", "libraries\Flags\rNascar23.Flags\rNascar23.Flags.csproj", "{A3AA6E5C-07A9-48C6-B45C-27BFBA0901EC}"
EndProject
Project("{9A19103F-16F7-4668-BE54-9A1E7A4F7556}") = "rNascar23.Service.Flags", "libraries\Flags\rNascar23.Service.Flags\rNascar23.Service.Flags.csproj", "{86C1DED5-6FF9-4894-9223-C86EF77E8C50}"
EndProject
Project("{2150E333-8FDC-42A3-9474-1A3956D46DE8}") = "LapTimes", "LapTimes", "{FD6EBCF8-47B7-43BC-AD7D-E781D4D38FF4}"
EndProject
Project("{9A19103F-16F7-4668-BE54-9A1E7A4F7556}") = "rNascar23.Service.LapTimes", "libraries\LapTimes\rNascar23.Service.LapTimes\rNascar23.Service.LapTimes.csproj", "{577055F5-2876-43D3-90A2-1DC5275DA8AE}"
EndProject
Project("{2150E333-8FDC-42A3-9474-1A3956D46DE8}") = "DriverStatistics", "DriverStatistics", "{AF556C64-1689-41A1-8A7E-CCC20D3E515F}"
EndProject
Project("{9A19103F-16F7-4668-BE54-9A1E7A4F7556}") = "rNascar23.DriverStatistics", "libraries\DriverStats\rNascar23.DriverStats\rNascar23.DriverStatistics.csproj", "{43497A12-F239-4A40-9865-0A7217EBA510}"
EndProject
Project("{9A19103F-16F7-4668-BE54-9A1E7A4F7556}") = "rNascar23.Service.DriverStatistics", "libraries\DriverStats\rNascar.Services.DriverStats\rNascar23.Service.DriverStatistics.csproj", "{BBBDAB8F-8764-4EBD-9FE5-7AAF3DD29D1B}"
EndProject
Project("{2150E333-8FDC-42A3-9474-1A3956D46DE8}") = "Points", "Points", "{8B62D100-1D6E-47F5-A1CF-B9159D19C3CB}"
EndProject
Project("{9A19103F-16F7-4668-BE54-9A1E7A4F7556}") = "rNascar23.Points", "libraries\Points\rNascar23.Points\rNascar23.Points.csproj", "{C11708B9-B376-40A5-9124-8D29743D0384}"
EndProject
Project("{9A19103F-16F7-4668-BE54-9A1E7A4F7556}") = "rNascar23.Service.Points", "libraries\Points\rNascar23.Service.Points\rNascar23.Service.Points.csproj", "{8F236E4C-EBD3-434C-832C-D4C81378A36D}"
EndProject
Project("{9A19103F-16F7-4668-BE54-9A1E7A4F7556}") = "rNascar23.Schedules", "libraries\Schedules\rNascar23.RaceLists\rNascar23.Schedules.csproj", "{F803EB13-4E3E-4BAF-8C38-FAE6FE08CFCD}"
EndProject
Project("{9A19103F-16F7-4668-BE54-9A1E7A4F7556}") = "rNascar23.Service.Schedules", "libraries\Schedules\rNascar23.Service.RaceLists\rNascar23.Service.Schedules.csproj", "{2052C56A-F96E-4815-B530-EAB7825B1486}"
EndProject
Project("{2150E333-8FDC-42A3-9474-1A3956D46DE8}") = "Common", "Common", "{1C0DCD6C-62D7-49C1-8BB4-F74D3E46377D}"
EndProject
Project("{9A19103F-16F7-4668-BE54-9A1E7A4F7556}") = "rNasar23.Common", "libraries\Common\rNasar23.Common\rNasar23.Common.csproj", "{CEE31643-F997-44D3-9C39-89A30EB656BB}"
EndProject
Project("{2150E333-8FDC-42A3-9474-1A3956D46DE8}") = "PitStops", "PitStops", "{01379B87-CBB8-4F66-B839-89893B4A4086}"
EndProject
Project("{9A19103F-16F7-4668-BE54-9A1E7A4F7556}") = "rNascar23.PitStops", "libraries\PitStops\rNascar23.PitStops\rNascar23.PitStops.csproj", "{696D2B73-0514-41A3-BEC1-C0CED6C60AE8}"
EndProject
Project("{9A19103F-16F7-4668-BE54-9A1E7A4F7556}") = "rNascar23.Service.PitStops", "libraries\PitStops\rNascar23.Service.PitStops\rNascar23.Service.PitStops.csproj", "{7BF784CA-A6C3-489D-BCA2-F476CFB41E96}"
EndProject
Project("{2150E333-8FDC-42A3-9474-1A3956D46DE8}") = "Media", "Media", "{A6D1BBB4-C7A4-4412-8803-9B50AB5C114C}"
EndProject
Project("{9A19103F-16F7-4668-BE54-9A1E7A4F7556}") = "rNascar23.Media", "libraries\Media\rNascar23.Media\rNascar23.Media.csproj", "{CDDC0808-2AD8-4AF3-8AD6-4BB828EB72AC}"
EndProject
Project("{9A19103F-16F7-4668-BE54-9A1E7A4F7556}") = "rNascar23.Services.Media", "libraries\Media\rNascar23.Services.Media\rNascar23.Services.Media.csproj", "{916D96A7-831D-4864-A272-312C08E194D5}"
EndProject
Project("{2150E333-8FDC-42A3-9474-1A3956D46DE8}") = "apps", "apps", "{5AD7183C-0272-4728-A314-35EFE019975D}"
EndProject
Project("{FAE04EC0-301F-11D3-BF4B-00C04F79EFBC}") = "rNascar23.RaceLogger", "apps\rNascar23.RaceLogger\rNascar23.RaceLogger.csproj", "{0041F37D-43EE-4AEA-A01D-CCFB0E73400F}"
EndProject
Project("{2150E333-8FDC-42A3-9474-1A3956D46DE8}") = "libraries", "libraries", "{4DA0CE91-7F27-4B7E-B5CA-E4CDC6636FB7}"
EndProject
Global
	GlobalSection(SolutionConfigurationPlatforms) = preSolution
		Debug|Any CPU = Debug|Any CPU
		Debug|x86 = Debug|x86
		Release|Any CPU = Release|Any CPU
		Release|x86 = Release|x86
	EndGlobalSection
	GlobalSection(ProjectConfigurationPlatforms) = postSolution
		{0C0644D8-AA4E-48B0-9F7B-DB7845978C4A}.Debug|Any CPU.ActiveCfg = Debug|Any CPU
		{0C0644D8-AA4E-48B0-9F7B-DB7845978C4A}.Debug|Any CPU.Build.0 = Debug|Any CPU
		{0C0644D8-AA4E-48B0-9F7B-DB7845978C4A}.Debug|x86.ActiveCfg = Debug|Any CPU
		{0C0644D8-AA4E-48B0-9F7B-DB7845978C4A}.Debug|x86.Build.0 = Debug|Any CPU
		{0C0644D8-AA4E-48B0-9F7B-DB7845978C4A}.Release|Any CPU.ActiveCfg = Release|Any CPU
		{0C0644D8-AA4E-48B0-9F7B-DB7845978C4A}.Release|Any CPU.Build.0 = Release|Any CPU
		{0C0644D8-AA4E-48B0-9F7B-DB7845978C4A}.Release|x86.ActiveCfg = Release|Any CPU
		{0C0644D8-AA4E-48B0-9F7B-DB7845978C4A}.Release|x86.Build.0 = Release|Any CPU
		{7FC5D433-FCF5-46A8-A0AB-1637FA6D851C}.Debug|Any CPU.ActiveCfg = Debug|Any CPU
		{7FC5D433-FCF5-46A8-A0AB-1637FA6D851C}.Debug|Any CPU.Build.0 = Debug|Any CPU
		{7FC5D433-FCF5-46A8-A0AB-1637FA6D851C}.Debug|x86.ActiveCfg = Debug|Any CPU
		{7FC5D433-FCF5-46A8-A0AB-1637FA6D851C}.Debug|x86.Build.0 = Debug|Any CPU
		{7FC5D433-FCF5-46A8-A0AB-1637FA6D851C}.Release|Any CPU.ActiveCfg = Release|Any CPU
		{7FC5D433-FCF5-46A8-A0AB-1637FA6D851C}.Release|Any CPU.Build.0 = Release|Any CPU
		{7FC5D433-FCF5-46A8-A0AB-1637FA6D851C}.Release|x86.ActiveCfg = Release|Any CPU
		{7FC5D433-FCF5-46A8-A0AB-1637FA6D851C}.Release|x86.Build.0 = Release|Any CPU
		{CFE5FEFA-A0C0-462A-85BE-F9FCBB9B0F96}.Debug|Any CPU.ActiveCfg = Debug|Any CPU
		{CFE5FEFA-A0C0-462A-85BE-F9FCBB9B0F96}.Debug|Any CPU.Build.0 = Debug|Any CPU
		{CFE5FEFA-A0C0-462A-85BE-F9FCBB9B0F96}.Debug|x86.ActiveCfg = Debug|Any CPU
		{CFE5FEFA-A0C0-462A-85BE-F9FCBB9B0F96}.Debug|x86.Build.0 = Debug|Any CPU
		{CFE5FEFA-A0C0-462A-85BE-F9FCBB9B0F96}.Release|Any CPU.ActiveCfg = Release|Any CPU
		{CFE5FEFA-A0C0-462A-85BE-F9FCBB9B0F96}.Release|Any CPU.Build.0 = Release|Any CPU
		{CFE5FEFA-A0C0-462A-85BE-F9FCBB9B0F96}.Release|x86.ActiveCfg = Release|Any CPU
		{CFE5FEFA-A0C0-462A-85BE-F9FCBB9B0F96}.Release|x86.Build.0 = Release|Any CPU
		{D0A433D9-67CC-4047-B837-B90318ACF599}.Debug|Any CPU.ActiveCfg = Debug|Any CPU
		{D0A433D9-67CC-4047-B837-B90318ACF599}.Debug|Any CPU.Build.0 = Debug|Any CPU
		{D0A433D9-67CC-4047-B837-B90318ACF599}.Debug|x86.ActiveCfg = Debug|Any CPU
		{D0A433D9-67CC-4047-B837-B90318ACF599}.Debug|x86.Build.0 = Debug|Any CPU
		{D0A433D9-67CC-4047-B837-B90318ACF599}.Release|Any CPU.ActiveCfg = Release|Any CPU
		{D0A433D9-67CC-4047-B837-B90318ACF599}.Release|Any CPU.Build.0 = Release|Any CPU
		{D0A433D9-67CC-4047-B837-B90318ACF599}.Release|x86.ActiveCfg = Release|Any CPU
		{D0A433D9-67CC-4047-B837-B90318ACF599}.Release|x86.Build.0 = Release|Any CPU
		{4796329F-B11C-4D1D-89FA-F6BA3C1375FE}.Debug|Any CPU.ActiveCfg = Debug|Any CPU
		{4796329F-B11C-4D1D-89FA-F6BA3C1375FE}.Debug|Any CPU.Build.0 = Debug|Any CPU
		{4796329F-B11C-4D1D-89FA-F6BA3C1375FE}.Debug|x86.ActiveCfg = Debug|Any CPU
		{4796329F-B11C-4D1D-89FA-F6BA3C1375FE}.Debug|x86.Build.0 = Debug|Any CPU
		{4796329F-B11C-4D1D-89FA-F6BA3C1375FE}.Release|Any CPU.ActiveCfg = Release|Any CPU
		{4796329F-B11C-4D1D-89FA-F6BA3C1375FE}.Release|Any CPU.Build.0 = Release|Any CPU
		{4796329F-B11C-4D1D-89FA-F6BA3C1375FE}.Release|x86.ActiveCfg = Release|Any CPU
		{4796329F-B11C-4D1D-89FA-F6BA3C1375FE}.Release|x86.Build.0 = Release|Any CPU
		{A3AA6E5C-07A9-48C6-B45C-27BFBA0901EC}.Debug|Any CPU.ActiveCfg = Debug|Any CPU
		{A3AA6E5C-07A9-48C6-B45C-27BFBA0901EC}.Debug|Any CPU.Build.0 = Debug|Any CPU
		{A3AA6E5C-07A9-48C6-B45C-27BFBA0901EC}.Debug|x86.ActiveCfg = Debug|Any CPU
		{A3AA6E5C-07A9-48C6-B45C-27BFBA0901EC}.Debug|x86.Build.0 = Debug|Any CPU
		{A3AA6E5C-07A9-48C6-B45C-27BFBA0901EC}.Release|Any CPU.ActiveCfg = Release|Any CPU
		{A3AA6E5C-07A9-48C6-B45C-27BFBA0901EC}.Release|Any CPU.Build.0 = Release|Any CPU
		{A3AA6E5C-07A9-48C6-B45C-27BFBA0901EC}.Release|x86.ActiveCfg = Release|Any CPU
		{A3AA6E5C-07A9-48C6-B45C-27BFBA0901EC}.Release|x86.Build.0 = Release|Any CPU
		{86C1DED5-6FF9-4894-9223-C86EF77E8C50}.Debug|Any CPU.ActiveCfg = Debug|Any CPU
		{86C1DED5-6FF9-4894-9223-C86EF77E8C50}.Debug|Any CPU.Build.0 = Debug|Any CPU
		{86C1DED5-6FF9-4894-9223-C86EF77E8C50}.Debug|x86.ActiveCfg = Debug|Any CPU
		{86C1DED5-6FF9-4894-9223-C86EF77E8C50}.Debug|x86.Build.0 = Debug|Any CPU
		{86C1DED5-6FF9-4894-9223-C86EF77E8C50}.Release|Any CPU.ActiveCfg = Release|Any CPU
		{86C1DED5-6FF9-4894-9223-C86EF77E8C50}.Release|Any CPU.Build.0 = Release|Any CPU
		{86C1DED5-6FF9-4894-9223-C86EF77E8C50}.Release|x86.ActiveCfg = Release|Any CPU
		{86C1DED5-6FF9-4894-9223-C86EF77E8C50}.Release|x86.Build.0 = Release|Any CPU
		{577055F5-2876-43D3-90A2-1DC5275DA8AE}.Debug|Any CPU.ActiveCfg = Debug|Any CPU
		{577055F5-2876-43D3-90A2-1DC5275DA8AE}.Debug|Any CPU.Build.0 = Debug|Any CPU
		{577055F5-2876-43D3-90A2-1DC5275DA8AE}.Debug|x86.ActiveCfg = Debug|Any CPU
		{577055F5-2876-43D3-90A2-1DC5275DA8AE}.Debug|x86.Build.0 = Debug|Any CPU
		{577055F5-2876-43D3-90A2-1DC5275DA8AE}.Release|Any CPU.ActiveCfg = Release|Any CPU
		{577055F5-2876-43D3-90A2-1DC5275DA8AE}.Release|Any CPU.Build.0 = Release|Any CPU
		{577055F5-2876-43D3-90A2-1DC5275DA8AE}.Release|x86.ActiveCfg = Release|Any CPU
		{577055F5-2876-43D3-90A2-1DC5275DA8AE}.Release|x86.Build.0 = Release|Any CPU
		{43497A12-F239-4A40-9865-0A7217EBA510}.Debug|Any CPU.ActiveCfg = Debug|Any CPU
		{43497A12-F239-4A40-9865-0A7217EBA510}.Debug|Any CPU.Build.0 = Debug|Any CPU
		{43497A12-F239-4A40-9865-0A7217EBA510}.Debug|x86.ActiveCfg = Debug|Any CPU
		{43497A12-F239-4A40-9865-0A7217EBA510}.Debug|x86.Build.0 = Debug|Any CPU
		{43497A12-F239-4A40-9865-0A7217EBA510}.Release|Any CPU.ActiveCfg = Release|Any CPU
		{43497A12-F239-4A40-9865-0A7217EBA510}.Release|Any CPU.Build.0 = Release|Any CPU
		{43497A12-F239-4A40-9865-0A7217EBA510}.Release|x86.ActiveCfg = Release|Any CPU
		{43497A12-F239-4A40-9865-0A7217EBA510}.Release|x86.Build.0 = Release|Any CPU
		{BBBDAB8F-8764-4EBD-9FE5-7AAF3DD29D1B}.Debug|Any CPU.ActiveCfg = Debug|Any CPU
		{BBBDAB8F-8764-4EBD-9FE5-7AAF3DD29D1B}.Debug|Any CPU.Build.0 = Debug|Any CPU
		{BBBDAB8F-8764-4EBD-9FE5-7AAF3DD29D1B}.Debug|x86.ActiveCfg = Debug|Any CPU
		{BBBDAB8F-8764-4EBD-9FE5-7AAF3DD29D1B}.Debug|x86.Build.0 = Debug|Any CPU
		{BBBDAB8F-8764-4EBD-9FE5-7AAF3DD29D1B}.Release|Any CPU.ActiveCfg = Release|Any CPU
		{BBBDAB8F-8764-4EBD-9FE5-7AAF3DD29D1B}.Release|Any CPU.Build.0 = Release|Any CPU
		{BBBDAB8F-8764-4EBD-9FE5-7AAF3DD29D1B}.Release|x86.ActiveCfg = Release|Any CPU
		{BBBDAB8F-8764-4EBD-9FE5-7AAF3DD29D1B}.Release|x86.Build.0 = Release|Any CPU
		{C11708B9-B376-40A5-9124-8D29743D0384}.Debug|Any CPU.ActiveCfg = Debug|Any CPU
		{C11708B9-B376-40A5-9124-8D29743D0384}.Debug|Any CPU.Build.0 = Debug|Any CPU
		{C11708B9-B376-40A5-9124-8D29743D0384}.Debug|x86.ActiveCfg = Debug|Any CPU
		{C11708B9-B376-40A5-9124-8D29743D0384}.Debug|x86.Build.0 = Debug|Any CPU
		{C11708B9-B376-40A5-9124-8D29743D0384}.Release|Any CPU.ActiveCfg = Release|Any CPU
		{C11708B9-B376-40A5-9124-8D29743D0384}.Release|Any CPU.Build.0 = Release|Any CPU
		{C11708B9-B376-40A5-9124-8D29743D0384}.Release|x86.ActiveCfg = Release|Any CPU
		{C11708B9-B376-40A5-9124-8D29743D0384}.Release|x86.Build.0 = Release|Any CPU
		{8F236E4C-EBD3-434C-832C-D4C81378A36D}.Debug|Any CPU.ActiveCfg = Debug|Any CPU
		{8F236E4C-EBD3-434C-832C-D4C81378A36D}.Debug|Any CPU.Build.0 = Debug|Any CPU
		{8F236E4C-EBD3-434C-832C-D4C81378A36D}.Debug|x86.ActiveCfg = Debug|Any CPU
		{8F236E4C-EBD3-434C-832C-D4C81378A36D}.Debug|x86.Build.0 = Debug|Any CPU
		{8F236E4C-EBD3-434C-832C-D4C81378A36D}.Release|Any CPU.ActiveCfg = Release|Any CPU
		{8F236E4C-EBD3-434C-832C-D4C81378A36D}.Release|Any CPU.Build.0 = Release|Any CPU
		{8F236E4C-EBD3-434C-832C-D4C81378A36D}.Release|x86.ActiveCfg = Release|Any CPU
		{8F236E4C-EBD3-434C-832C-D4C81378A36D}.Release|x86.Build.0 = Release|Any CPU
		{F803EB13-4E3E-4BAF-8C38-FAE6FE08CFCD}.Debug|Any CPU.ActiveCfg = Debug|Any CPU
		{F803EB13-4E3E-4BAF-8C38-FAE6FE08CFCD}.Debug|Any CPU.Build.0 = Debug|Any CPU
		{F803EB13-4E3E-4BAF-8C38-FAE6FE08CFCD}.Debug|x86.ActiveCfg = Debug|Any CPU
		{F803EB13-4E3E-4BAF-8C38-FAE6FE08CFCD}.Debug|x86.Build.0 = Debug|Any CPU
		{F803EB13-4E3E-4BAF-8C38-FAE6FE08CFCD}.Release|Any CPU.ActiveCfg = Release|Any CPU
		{F803EB13-4E3E-4BAF-8C38-FAE6FE08CFCD}.Release|Any CPU.Build.0 = Release|Any CPU
		{F803EB13-4E3E-4BAF-8C38-FAE6FE08CFCD}.Release|x86.ActiveCfg = Release|Any CPU
		{F803EB13-4E3E-4BAF-8C38-FAE6FE08CFCD}.Release|x86.Build.0 = Release|Any CPU
		{2052C56A-F96E-4815-B530-EAB7825B1486}.Debug|Any CPU.ActiveCfg = Debug|Any CPU
		{2052C56A-F96E-4815-B530-EAB7825B1486}.Debug|Any CPU.Build.0 = Debug|Any CPU
		{2052C56A-F96E-4815-B530-EAB7825B1486}.Debug|x86.ActiveCfg = Debug|Any CPU
		{2052C56A-F96E-4815-B530-EAB7825B1486}.Debug|x86.Build.0 = Debug|Any CPU
		{2052C56A-F96E-4815-B530-EAB7825B1486}.Release|Any CPU.ActiveCfg = Release|Any CPU
		{2052C56A-F96E-4815-B530-EAB7825B1486}.Release|Any CPU.Build.0 = Release|Any CPU
		{2052C56A-F96E-4815-B530-EAB7825B1486}.Release|x86.ActiveCfg = Release|Any CPU
		{2052C56A-F96E-4815-B530-EAB7825B1486}.Release|x86.Build.0 = Release|Any CPU
		{CEE31643-F997-44D3-9C39-89A30EB656BB}.Debug|Any CPU.ActiveCfg = Debug|Any CPU
		{CEE31643-F997-44D3-9C39-89A30EB656BB}.Debug|Any CPU.Build.0 = Debug|Any CPU
		{CEE31643-F997-44D3-9C39-89A30EB656BB}.Debug|x86.ActiveCfg = Debug|Any CPU
		{CEE31643-F997-44D3-9C39-89A30EB656BB}.Debug|x86.Build.0 = Debug|Any CPU
		{CEE31643-F997-44D3-9C39-89A30EB656BB}.Release|Any CPU.ActiveCfg = Release|Any CPU
		{CEE31643-F997-44D3-9C39-89A30EB656BB}.Release|Any CPU.Build.0 = Release|Any CPU
		{CEE31643-F997-44D3-9C39-89A30EB656BB}.Release|x86.ActiveCfg = Release|Any CPU
		{CEE31643-F997-44D3-9C39-89A30EB656BB}.Release|x86.Build.0 = Release|Any CPU
		{696D2B73-0514-41A3-BEC1-C0CED6C60AE8}.Debug|Any CPU.ActiveCfg = Debug|Any CPU
		{696D2B73-0514-41A3-BEC1-C0CED6C60AE8}.Debug|Any CPU.Build.0 = Debug|Any CPU
		{696D2B73-0514-41A3-BEC1-C0CED6C60AE8}.Debug|x86.ActiveCfg = Debug|Any CPU
		{696D2B73-0514-41A3-BEC1-C0CED6C60AE8}.Debug|x86.Build.0 = Debug|Any CPU
		{696D2B73-0514-41A3-BEC1-C0CED6C60AE8}.Release|Any CPU.ActiveCfg = Release|Any CPU
		{696D2B73-0514-41A3-BEC1-C0CED6C60AE8}.Release|Any CPU.Build.0 = Release|Any CPU
		{696D2B73-0514-41A3-BEC1-C0CED6C60AE8}.Release|x86.ActiveCfg = Release|Any CPU
		{696D2B73-0514-41A3-BEC1-C0CED6C60AE8}.Release|x86.Build.0 = Release|Any CPU
		{7BF784CA-A6C3-489D-BCA2-F476CFB41E96}.Debug|Any CPU.ActiveCfg = Debug|Any CPU
		{7BF784CA-A6C3-489D-BCA2-F476CFB41E96}.Debug|Any CPU.Build.0 = Debug|Any CPU
		{7BF784CA-A6C3-489D-BCA2-F476CFB41E96}.Debug|x86.ActiveCfg = Debug|Any CPU
		{7BF784CA-A6C3-489D-BCA2-F476CFB41E96}.Debug|x86.Build.0 = Debug|Any CPU
		{7BF784CA-A6C3-489D-BCA2-F476CFB41E96}.Release|Any CPU.ActiveCfg = Release|Any CPU
		{7BF784CA-A6C3-489D-BCA2-F476CFB41E96}.Release|Any CPU.Build.0 = Release|Any CPU
		{7BF784CA-A6C3-489D-BCA2-F476CFB41E96}.Release|x86.ActiveCfg = Release|Any CPU
		{7BF784CA-A6C3-489D-BCA2-F476CFB41E96}.Release|x86.Build.0 = Release|Any CPU
		{CDDC0808-2AD8-4AF3-8AD6-4BB828EB72AC}.Debug|Any CPU.ActiveCfg = Debug|Any CPU
		{CDDC0808-2AD8-4AF3-8AD6-4BB828EB72AC}.Debug|Any CPU.Build.0 = Debug|Any CPU
		{CDDC0808-2AD8-4AF3-8AD6-4BB828EB72AC}.Debug|x86.ActiveCfg = Debug|Any CPU
		{CDDC0808-2AD8-4AF3-8AD6-4BB828EB72AC}.Debug|x86.Build.0 = Debug|Any CPU
		{CDDC0808-2AD8-4AF3-8AD6-4BB828EB72AC}.Release|Any CPU.ActiveCfg = Release|Any CPU
		{CDDC0808-2AD8-4AF3-8AD6-4BB828EB72AC}.Release|Any CPU.Build.0 = Release|Any CPU
		{CDDC0808-2AD8-4AF3-8AD6-4BB828EB72AC}.Release|x86.ActiveCfg = Release|Any CPU
		{CDDC0808-2AD8-4AF3-8AD6-4BB828EB72AC}.Release|x86.Build.0 = Release|Any CPU
		{916D96A7-831D-4864-A272-312C08E194D5}.Debug|Any CPU.ActiveCfg = Debug|Any CPU
		{916D96A7-831D-4864-A272-312C08E194D5}.Debug|Any CPU.Build.0 = Debug|Any CPU
		{916D96A7-831D-4864-A272-312C08E194D5}.Debug|x86.ActiveCfg = Debug|Any CPU
		{916D96A7-831D-4864-A272-312C08E194D5}.Debug|x86.Build.0 = Debug|Any CPU
		{916D96A7-831D-4864-A272-312C08E194D5}.Release|Any CPU.ActiveCfg = Release|Any CPU
		{916D96A7-831D-4864-A272-312C08E194D5}.Release|Any CPU.Build.0 = Release|Any CPU
		{916D96A7-831D-4864-A272-312C08E194D5}.Release|x86.ActiveCfg = Release|Any CPU
		{916D96A7-831D-4864-A272-312C08E194D5}.Release|x86.Build.0 = Release|Any CPU
		{0041F37D-43EE-4AEA-A01D-CCFB0E73400F}.Debug|Any CPU.ActiveCfg = Debug|Any CPU
		{0041F37D-43EE-4AEA-A01D-CCFB0E73400F}.Debug|Any CPU.Build.0 = Debug|Any CPU
		{0041F37D-43EE-4AEA-A01D-CCFB0E73400F}.Debug|x86.ActiveCfg = Debug|Any CPU
		{0041F37D-43EE-4AEA-A01D-CCFB0E73400F}.Debug|x86.Build.0 = Debug|Any CPU
		{0041F37D-43EE-4AEA-A01D-CCFB0E73400F}.Release|Any CPU.ActiveCfg = Release|Any CPU
		{0041F37D-43EE-4AEA-A01D-CCFB0E73400F}.Release|Any CPU.Build.0 = Release|Any CPU
		{0041F37D-43EE-4AEA-A01D-CCFB0E73400F}.Release|x86.ActiveCfg = Release|Any CPU
		{0041F37D-43EE-4AEA-A01D-CCFB0E73400F}.Release|x86.Build.0 = Release|Any CPU
	EndGlobalSection
	GlobalSection(SolutionProperties) = preSolution
		HideSolutionNode = FALSE
	EndGlobalSection
	GlobalSection(NestedProjects) = preSolution
		{0C0644D8-AA4E-48B0-9F7B-DB7845978C4A} = {7F4E23BC-6BB1-4EB7-A421-B2C7636F475F}
		{7FC5D433-FCF5-46A8-A0AB-1637FA6D851C} = {7F4E23BC-6BB1-4EB7-A421-B2C7636F475F}
		{7F4E23BC-6BB1-4EB7-A421-B2C7636F475F} = {4DA0CE91-7F27-4B7E-B5CA-E4CDC6636FB7}
		{D235F38F-8C3C-42D1-8A93-7CAA21FD5255} = {4DA0CE91-7F27-4B7E-B5CA-E4CDC6636FB7}
		{AFCB8FBA-CF38-4E5E-A03F-7BF74DAB497C} = {4DA0CE91-7F27-4B7E-B5CA-E4CDC6636FB7}
		{CFE5FEFA-A0C0-462A-85BE-F9FCBB9B0F96} = {AFCB8FBA-CF38-4E5E-A03F-7BF74DAB497C}
		{D0A433D9-67CC-4047-B837-B90318ACF599} = {5AD7183C-0272-4728-A314-35EFE019975D}
		{9B2377A4-48D8-4A2C-B613-0AC249BBB418} = {4DA0CE91-7F27-4B7E-B5CA-E4CDC6636FB7}
		{4796329F-B11C-4D1D-89FA-F6BA3C1375FE} = {FD6EBCF8-47B7-43BC-AD7D-E781D4D38FF4}
		{A3AA6E5C-07A9-48C6-B45C-27BFBA0901EC} = {9B2377A4-48D8-4A2C-B613-0AC249BBB418}
		{86C1DED5-6FF9-4894-9223-C86EF77E8C50} = {9B2377A4-48D8-4A2C-B613-0AC249BBB418}
		{FD6EBCF8-47B7-43BC-AD7D-E781D4D38FF4} = {4DA0CE91-7F27-4B7E-B5CA-E4CDC6636FB7}
		{577055F5-2876-43D3-90A2-1DC5275DA8AE} = {FD6EBCF8-47B7-43BC-AD7D-E781D4D38FF4}
		{AF556C64-1689-41A1-8A7E-CCC20D3E515F} = {4DA0CE91-7F27-4B7E-B5CA-E4CDC6636FB7}
		{43497A12-F239-4A40-9865-0A7217EBA510} = {AF556C64-1689-41A1-8A7E-CCC20D3E515F}
		{BBBDAB8F-8764-4EBD-9FE5-7AAF3DD29D1B} = {AF556C64-1689-41A1-8A7E-CCC20D3E515F}
		{8B62D100-1D6E-47F5-A1CF-B9159D19C3CB} = {4DA0CE91-7F27-4B7E-B5CA-E4CDC6636FB7}
		{C11708B9-B376-40A5-9124-8D29743D0384} = {8B62D100-1D6E-47F5-A1CF-B9159D19C3CB}
		{8F236E4C-EBD3-434C-832C-D4C81378A36D} = {8B62D100-1D6E-47F5-A1CF-B9159D19C3CB}
		{F803EB13-4E3E-4BAF-8C38-FAE6FE08CFCD} = {D235F38F-8C3C-42D1-8A93-7CAA21FD5255}
		{2052C56A-F96E-4815-B530-EAB7825B1486} = {D235F38F-8C3C-42D1-8A93-7CAA21FD5255}
		{1C0DCD6C-62D7-49C1-8BB4-F74D3E46377D} = {4DA0CE91-7F27-4B7E-B5CA-E4CDC6636FB7}
		{CEE31643-F997-44D3-9C39-89A30EB656BB} = {1C0DCD6C-62D7-49C1-8BB4-F74D3E46377D}
		{01379B87-CBB8-4F66-B839-89893B4A4086} = {4DA0CE91-7F27-4B7E-B5CA-E4CDC6636FB7}
		{696D2B73-0514-41A3-BEC1-C0CED6C60AE8} = {01379B87-CBB8-4F66-B839-89893B4A4086}
		{7BF784CA-A6C3-489D-BCA2-F476CFB41E96} = {01379B87-CBB8-4F66-B839-89893B4A4086}
		{A6D1BBB4-C7A4-4412-8803-9B50AB5C114C} = {4DA0CE91-7F27-4B7E-B5CA-E4CDC6636FB7}
		{CDDC0808-2AD8-4AF3-8AD6-4BB828EB72AC} = {A6D1BBB4-C7A4-4412-8803-9B50AB5C114C}
		{916D96A7-831D-4864-A272-312C08E194D5} = {A6D1BBB4-C7A4-4412-8803-9B50AB5C114C}
		{0041F37D-43EE-4AEA-A01D-CCFB0E73400F} = {5AD7183C-0272-4728-A314-35EFE019975D}
	EndGlobalSection
	GlobalSection(ExtensibilityGlobals) = postSolution
		SolutionGuid = {59148673-1722-424A-8A9E-80655C2537C3}
	EndGlobalSection
EndGlobal
